lockfileVersion: 5.4

specifiers:
  '@prisma/client': ^4.5.0
  csv-parser: ^3.0.0
  prisma: ^4.6.0
  telegraf: ^4.10.0

dependencies:
  '@prisma/client': 4.6.0_prisma@4.6.0
  csv-parser: 3.0.0
  telegraf: 4.10.0

devDependencies:
  prisma: 4.6.0

packages:

  /@prisma/client/4.6.0_prisma@4.6.0:
    resolution: {integrity: sha512-D9LaQinDxOHinRpcJTw2tjMtjhc9HTP+aF1IRd2oLldp/8TiwIfxK8x17OhBBiX4y1PzbJXXET7kS+5wB3es/w==}
    engines: {node: '>=14.17'}
    requiresBuild: true
    peerDependencies:
      prisma: '*'
    peerDependenciesMeta:
      prisma:
        optional: true
    dependencies:
      '@prisma/engines-version': 4.6.0-53.2e719efb80b56a3f32d18a62489de95bb9c130e3
      prisma: 4.6.0
    dev: false

  /@prisma/engines-version/4.6.0-53.2e719efb80b56a3f32d18a62489de95bb9c130e3:
    resolution: {integrity: sha512-0CTnfEuUbLlO6n1fM89ERDbSwI4LoyZn+1OKVSwG+aVqohj34+mXRfwOWIM0ONtYtLGGBpddvQAnAZkg+cgS6g==}
    dev: false

  /@prisma/engines/4.6.0:
    resolution: {integrity: sha512-S+72PAl0zTCbIGou1uXD/McvzdtP+bjOs0LRmGZfcOQcVqR9x/0f6Z+dqpUU0zIcqHEl+0DOB8UXaTwRvssFsQ==}
    requiresBuild: true

  /abort-controller/3.0.0:
    resolution: {integrity: sha512-h8lQ8tacZYnR3vNQTgibj+tODHI5/+l06Au2Pcriv/Gmet0eaj4TwWH41sO9wnHDiQsEj19q0drzdWdeAHtweg==}
    engines: {node: '>=6.5'}
    dependencies:
      event-target-shim: 5.0.1
    dev: false

  /buffer-alloc-unsafe/1.1.0:
    resolution: {integrity: sha512-TEM2iMIEQdJ2yjPJoSIsldnleVaAk1oW3DBVUykyOLsEsFmEc9kn+SFFPz+gl54KQNxlDnAwCXosOS9Okx2xAg==}
    dev: false

  /buffer-alloc/1.2.0:
    resolution: {integrity: sha512-CFsHQgjtW1UChdXgbyJGtnm+O/uLQeZdtbDo8mfUgYXCHSM1wgrVxXm6bSyrUuErEb+4sYVGCzASBRot7zyrow==}
    dependencies:
      buffer-alloc-unsafe: 1.1.0
      buffer-fill: 1.0.0
    dev: false

  /buffer-fill/1.0.0:
    resolution: {integrity: sha512-T7zexNBwiiaCOGDg9xNX9PBmjrubblRkENuptryuI64URkXDFum9il/JGL8Lm8wYfAXpredVXXZz7eMHilimiQ==}
    dev: false

  /csv-parser/3.0.0:
    resolution: {integrity: sha512-s6OYSXAK3IdKqYO33y09jhypG/bSDHPuyCme/IdEHfWpLf/jKcpitVFyOC6UemgGk8v7Q5u2XE0vvwmanxhGlQ==}
    engines: {node: '>= 10'}
    hasBin: true
    dependencies:
      minimist: 1.2.7
    dev: false

  /debug/4.3.4:
    resolution: {integrity: sha512-PRWFHuSU3eDtQJPvnNY7Jcket1j0t5OuOsFzPPzsekD52Zl8qUfFIPEiswXqIvHWGVHOgX+7G/vCNNhehwxfkQ==}
    engines: {node: '>=6.0'}
    peerDependencies:
      supports-color: '*'
    peerDependenciesMeta:
      supports-color:
        optional: true
    dependencies:
      ms: 2.1.2
    dev: false

  /event-target-shim/5.0.1:
    resolution: {integrity: sha512-i/2XbnSz/uxRCU6+NdVJgKWDTM427+MqYbkQzD321DuCQJUqOuJKIA0IM2+W2xtYHdKOmZ4dR6fExsd4SXL+WQ==}
    engines: {node: '>=6'}
    dev: false

  /minimist/1.2.7:
    resolution: {integrity: sha512-bzfL1YUZsP41gmu/qjrEk0Q6i2ix/cVeAhbCbqH9u3zYutS1cLg00qhrD0M2MVdCcx4Sc0UpP2eBWo9rotpq6g==}
    dev: false

  /mri/1.2.0:
    resolution: {integrity: sha512-tzzskb3bG8LvYGFF/mDTpq3jpI6Q9wc3LEmBaghu+DdCssd1FakN7Bc0hVNmEyGq1bq3RgfkCb3cmQLpNPOroA==}
    engines: {node: '>=4'}
    dev: false

  /ms/2.1.2:
    resolution: {integrity: sha512-sGkPx+VjMtmA6MX27oA4FBFELFCZZ4S4XqeGOXCv68tT+jb3vk/RyaKWP0PTKyWtmLSM0b+adUTEvbs1PEaH2w==}
    dev: false

  /node-fetch/2.6.7:
    resolution: {integrity: sha512-ZjMPFEfVx5j+y2yF35Kzx5sF7kDzxuDj6ziH4FFbOp87zKDZNx8yExJIb05OGF4Nlt9IHFIMBkRl41VdvcNdbQ==}
    engines: {node: 4.x || >=6.0.0}
    peerDependencies:
      encoding: ^0.1.0
    peerDependenciesMeta:
      encoding:
        optional: true
    dependencies:
      whatwg-url: 5.0.0
    dev: false

  /p-timeout/4.1.0:
    resolution: {integrity: sha512-+/wmHtzJuWii1sXn3HCuH/FTwGhrp4tmJTxSKJbfS+vkipci6osxXM5mY0jUiRzWKMTgUT8l7HFbeSwZAynqHw==}
    engines: {node: '>=10'}
    dev: false

  /prisma/4.6.0:
    resolution: {integrity: sha512-TAnObUMGCM9NLt9nsRs1WWYQGPKsJOK8bN/7gSAnBcYIxMCFFDe+XtFYJbyTzsJZ/i+0rH4zg8au3m7HX354LA==}
    engines: {node: '>=14.17'}
    hasBin: true
    requiresBuild: true
    dependencies:
      '@prisma/engines': 4.6.0

  /safe-compare/1.1.4:
    resolution: {integrity: sha512-b9wZ986HHCo/HbKrRpBJb2kqXMK9CEWIE1egeEvZsYn69ay3kdfl9nG3RyOcR+jInTDf7a86WQ1d4VJX7goSSQ==}
    dependencies:
      buffer-alloc: 1.2.0
    dev: false

  /sandwich-stream/2.0.2:
    resolution: {integrity: sha512-jLYV0DORrzY3xaz/S9ydJL6Iz7essZeAfnAavsJ+zsJGZ1MOnsS52yRjU3uF3pJa/lla7+wisp//fxOwOH8SKQ==}
    engines: {node: '>= 0.10'}
    dev: false

  /telegraf/4.10.0:
    resolution: {integrity: sha512-dOlkC2s+f29jXEYN/R20gGQQ/2BCLmRaGkMKCnSZsLB7+7QZKxROu7PWkAB/kKj9Eedt3UpfqAv6bNhmeL9XGA==}
    engines: {node: ^12.20.0 || >=14.13.1}
    hasBin: true
    dependencies:
      abort-controller: 3.0.0
      debug: 4.3.4
      mri: 1.2.0
      node-fetch: 2.6.7
      p-timeout: 4.1.0
      safe-compare: 1.1.4
      sandwich-stream: 2.0.2
      typegram: 3.12.0
    transitivePeerDependencies:
      - encoding
      - supports-color
    dev: false

  /tr46/0.0.3:
    resolution: {integrity: sha512-N3WMsuqV66lT30CrXNbEjx4GEwlow3v6rr4mCcv6prnfwhS01rkgyFdjPNBYd9br7LpXV1+Emh01fHnq2Gdgrw==}
    dev: false

  /typegram/3.12.0:
    resolution: {integrity: sha512-/VrU0sJv8BdOsBIpYT4w35C7dPg5YyKP6fLiYN9qYXRZ86TVIiw0ZypkzElTAfDVsJtJSluGAufUrcX7VRSIYQ==}
    dev: false

  /webidl-conversions/3.0.1:
    resolution: {integrity: sha512-2JAn3z8AR6rjK8Sm8orRC0h/bcl/DqL7tRPdGZ4I1CjdF+EaMLmYxBHyXuKL849eucPFhvBoxMsflfOb8kxaeQ==}
    dev: false

  /whatwg-url/5.0.0:
    resolution: {integrity: sha512-saE57nupxk6v3HY35+jzBwYa0rKSy0XR8JSxZPwgLr7ys0IBzhGviA1/TUGJLmSVqs8pb9AnvICXEuOHLprYTw==}
    dependencies:
      tr46: 0.0.3
      webidl-conversions: 3.0.1
    dev: false
